
Microsoft Visual Studio Solution File, Format Version 12.00
# Visual Studio Version 17
VisualStudioVersion = 17.1.31911.260
MinimumVisualStudioVersion = 10.0.40219.1
Project("{2150E333-8FDC-42A3-9474-1A3956D46DE8}") = "Solution Items", "Solution Items", "{F1849B6C-FF30-4510-9CFE-ACDBFB0EA5E3}"
	ProjectSection(SolutionItems) = preProject
		.editorconfig = .editorconfig
		sonar-project.properties = sonar-project.properties
	EndProjectSection
EndProject
Project("{9A19103F-16F7-4668-BE54-9A1E7A4F7556}") = "KoloDev.GDS.QA.Accelerator", "KoloDev.QA.Accelerator\KoloDev.GDS.QA.Accelerator.csproj", "{C799FFE7-8EEA-45CC-BC77-72F1C42431F8}"
EndProject
Global
	GlobalSection(SolutionConfigurationPlatforms) = preSolution
		Debug|Any CPU = Debug|Any CPU
		Release|Any CPU = Release|Any CPU
	EndGlobalSection
	GlobalSection(ProjectConfigurationPlatforms) = postSolution
		{C799FFE7-8EEA-45CC-BC77-72F1C42431F8}.Debug|Any CPU.ActiveCfg = Debug|Any CPU
		{C799FFE7-8EEA-45CC-BC77-72F1C42431F8}.Debug|Any CPU.Build.0 = Debug|Any CPU
		{C799FFE7-8EEA-45CC-BC77-72F1C42431F8}.Release|Any CPU.ActiveCfg = Release|Any CPU
		{C799FFE7-8EEA-45CC-BC77-72F1C42431F8}.Release|Any CPU.Build.0 = Release|Any CPU
	EndGlobalSection
	GlobalSection(SolutionProperties) = preSolution
		HideSolutionNode = FALSE
	EndGlobalSection
	GlobalSection(ExtensibilityGlobals) = postSolution
		SolutionGuid = {32ED5217-D7F0-47B2-AC33-4F5BDBD8D386}
	EndGlobalSection
EndGlobal
